
Microsoft Visual Studio Solution File, Format Version 12.00
# Visual Studio Version 16
VisualStudioVersion = 16.0.34902.97
MinimumVisualStudioVersion = 10.0.40219.1
Project("{FAE04EC0-301F-11D3-BF4B-00C04F79EFBC}") = "Task2", "Task2\Task2.csproj", "{5EF929DF-D9E1-4FC8-B13C-A743ADBDE28E}"
EndProject
Global
	GlobalSection(SolutionConfigurationPlatforms) = preSolution
		Debug|Any CPU = Debug|Any CPU
		Release|Any CPU = Release|Any CPU
	EndGlobalSection
	GlobalSection(ProjectConfigurationPlatforms) = postSolution
		{5EF929DF-D9E1-4FC8-B13C-A743ADBDE28E}.Debug|Any CPU.ActiveCfg = Debug|Any CPU
		{5EF929DF-D9E1-4FC8-B13C-A743ADBDE28E}.Debug|Any CPU.Build.0 = Debug|Any CPU
		{5EF929DF-D9E1-4FC8-B13C-A743ADBDE28E}.Release|Any CPU.ActiveCfg = Release|Any CPU
		{5EF929DF-D9E1-4FC8-B13C-A743ADBDE28E}.Release|Any CPU.Build.0 = Release|Any CPU
	EndGlobalSection
	GlobalSection(SolutionProperties) = preSolution
		HideSolutionNode = FALSE
	EndGlobalSection
	GlobalSection(ExtensibilityGlobals) = postSolution
		SolutionGuid = {FB229BB6-B255-42A4-B165-E9D933682383}
	EndGlobalSection
EndGlobal
